
Microsoft Visual Studio Solution File, Format Version 12.00
# Visual Studio Version 17
VisualStudioVersion = 17.6.33815.320
MinimumVisualStudioVersion = 10.0.40219.1
Project("{FAE04EC0-301F-11D3-BF4B-00C04F79EFBC}") = "ManejoPresupuestos", "ManejoPresupuestos\ManejoPresupuestos.csproj", "{CBDC3D65-EF07-4730-BB5C-D6ECDCBC247C}"
EndProject
Global
	GlobalSection(SolutionConfigurationPlatforms) = preSolution
		Debug|Any CPU = Debug|Any CPU
		Release|Any CPU = Release|Any CPU
	EndGlobalSection
	GlobalSection(ProjectConfigurationPlatforms) = postSolution
		{CBDC3D65-EF07-4730-BB5C-D6ECDCBC247C}.Debug|Any CPU.ActiveCfg = Debug|Any CPU
		{CBDC3D65-EF07-4730-BB5C-D6ECDCBC247C}.Debug|Any CPU.Build.0 = Debug|Any CPU
		{CBDC3D65-EF07-4730-BB5C-D6ECDCBC247C}.Release|Any CPU.ActiveCfg = Release|Any CPU
		{CBDC3D65-EF07-4730-BB5C-D6ECDCBC247C}.Release|Any CPU.Build.0 = Release|Any CPU
	EndGlobalSection
	GlobalSection(SolutionProperties) = preSolution
		HideSolutionNode = FALSE
	EndGlobalSection
	GlobalSection(ExtensibilityGlobals) = postSolution
		SolutionGuid = {F86A1332-9C2E-4A6A-8231-D6B4342AF285}
	EndGlobalSection
EndGlobal
